
Microsoft Visual Studio Solution File, Format Version 12.00
# Visual Studio Version 17
VisualStudioVersion = 17.14.36301.6 d17.14
MinimumVisualStudioVersion = 10.0.40219.1
Project("{FAE04EC0-301F-11D3-BF4B-00C04F79EFBC}") = "AticurandoPI", "AticurandoPI\AticurandoPI.csproj", "{D78938EB-38CB-49C2-9C06-FF334B79A76F}"
EndProject
Global
	GlobalSection(SolutionConfigurationPlatforms) = preSolution
		Debug|Any CPU = Debug|Any CPU
		Release|Any CPU = Release|Any CPU
	EndGlobalSection
	GlobalSection(ProjectConfigurationPlatforms) = postSolution
		{D78938EB-38CB-49C2-9C06-FF334B79A76F}.Debug|Any CPU.ActiveCfg = Debug|Any CPU
		{D78938EB-38CB-49C2-9C06-FF334B79A76F}.Debug|Any CPU.Build.0 = Debug|Any CPU
		{D78938EB-38CB-49C2-9C06-FF334B79A76F}.Release|Any CPU.ActiveCfg = Release|Any CPU
		{D78938EB-38CB-49C2-9C06-FF334B79A76F}.Release|Any CPU.Build.0 = Release|Any CPU
	EndGlobalSection
	GlobalSection(SolutionProperties) = preSolution
		HideSolutionNode = FALSE
	EndGlobalSection
	GlobalSection(ExtensibilityGlobals) = postSolution
		SolutionGuid = {F97FA8FC-4D95-4B47-A98E-C52C5D6FA7B0}
	EndGlobalSection
EndGlobal
